
Microsoft Visual Studio Solution File, Format Version 12.00
# Visual Studio Version 16
VisualStudioVersion = 16.0.31205.134
MinimumVisualStudioVersion = 10.0.40219.1
Project("{9A19103F-16F7-4668-BE54-9A1E7A4F7556}") = "DataTracker.FileDataService", "DataTracker.FileDataService\DataTracker.FileDataService.csproj", "{77B31926-249C-4907-8AF3-D28B38F44A11}"
EndProject
Project("{9A19103F-16F7-4668-BE54-9A1E7A4F7556}") = "DataTracker.Models", "DataTracker.Models\DataTracker.Models.csproj", "{BE3F03BF-779E-4DAC-A907-C537638E38C8}"
EndProject
Project("{9A19103F-16F7-4668-BE54-9A1E7A4F7556}") = "DataTrackerService", "DataTrackerService\DataTrackerService.csproj", "{5B06C02B-DCC7-47F7-910B-452FC36CB250}"
EndProject
Project("{9A19103F-16F7-4668-BE54-9A1E7A4F7556}") = "DataTrackerService.Tests", "DataTrackerService.Tests\DataTrackerService.Tests.csproj", "{7313A7DE-A924-45F5-B45C-13011A50189F}"
EndProject
Project("{9A19103F-16F7-4668-BE54-9A1E7A4F7556}") = "TestDataAggregator", "TestDataAggregator\TestDataAggregator.csproj", "{82157CAB-C664-4B3B-A76C-EC93019080C0}"
EndProject
Global
	GlobalSection(SolutionConfigurationPlatforms) = preSolution
		Debug|Any CPU = Debug|Any CPU
		Release|Any CPU = Release|Any CPU
	EndGlobalSection
	GlobalSection(ProjectConfigurationPlatforms) = postSolution
		{77B31926-249C-4907-8AF3-D28B38F44A11}.Debug|Any CPU.ActiveCfg = Debug|Any CPU
		{77B31926-249C-4907-8AF3-D28B38F44A11}.Debug|Any CPU.Build.0 = Debug|Any CPU
		{77B31926-249C-4907-8AF3-D28B38F44A11}.Release|Any CPU.ActiveCfg = Release|Any CPU
		{77B31926-249C-4907-8AF3-D28B38F44A11}.Release|Any CPU.Build.0 = Release|Any CPU
		{BE3F03BF-779E-4DAC-A907-C537638E38C8}.Debug|Any CPU.ActiveCfg = Debug|Any CPU
		{BE3F03BF-779E-4DAC-A907-C537638E38C8}.Debug|Any CPU.Build.0 = Debug|Any CPU
		{BE3F03BF-779E-4DAC-A907-C537638E38C8}.Release|Any CPU.ActiveCfg = Release|Any CPU
		{BE3F03BF-779E-4DAC-A907-C537638E38C8}.Release|Any CPU.Build.0 = Release|Any CPU
		{5B06C02B-DCC7-47F7-910B-452FC36CB250}.Debug|Any CPU.ActiveCfg = Debug|Any CPU
		{5B06C02B-DCC7-47F7-910B-452FC36CB250}.Debug|Any CPU.Build.0 = Debug|Any CPU
		{5B06C02B-DCC7-47F7-910B-452FC36CB250}.Release|Any CPU.ActiveCfg = Release|Any CPU
		{5B06C02B-DCC7-47F7-910B-452FC36CB250}.Release|Any CPU.Build.0 = Release|Any CPU
		{7313A7DE-A924-45F5-B45C-13011A50189F}.Debug|Any CPU.ActiveCfg = Debug|Any CPU
		{7313A7DE-A924-45F5-B45C-13011A50189F}.Debug|Any CPU.Build.0 = Debug|Any CPU
		{7313A7DE-A924-45F5-B45C-13011A50189F}.Release|Any CPU.ActiveCfg = Release|Any CPU
		{7313A7DE-A924-45F5-B45C-13011A50189F}.Release|Any CPU.Build.0 = Release|Any CPU
		{82157CAB-C664-4B3B-A76C-EC93019080C0}.Debug|Any CPU.ActiveCfg = Debug|Any CPU
		{82157CAB-C664-4B3B-A76C-EC93019080C0}.Debug|Any CPU.Build.0 = Debug|Any CPU
		{82157CAB-C664-4B3B-A76C-EC93019080C0}.Release|Any CPU.ActiveCfg = Release|Any CPU
		{82157CAB-C664-4B3B-A76C-EC93019080C0}.Release|Any CPU.Build.0 = Release|Any CPU
	EndGlobalSection
	GlobalSection(SolutionProperties) = preSolution
		HideSolutionNode = FALSE
	EndGlobalSection
	GlobalSection(ExtensibilityGlobals) = postSolution
		SolutionGuid = {922D13A2-0FBE-4EAD-85ED-AAA37BEDEADE}
	EndGlobalSection
EndGlobal
